
Microsoft Visual Studio Solution File, Format Version 12.00
# Visual Studio 15
VisualStudioVersion = 15.0.26124.0
MinimumVisualStudioVersion = 15.0.26124.0
Project("{FAE04EC0-301F-11D3-BF4B-00C04F79EFBC}") = "docker_validator_netcore", "app\docker_validator_netcore.csproj", "{8539B198-4BAA-419A-B87A-46BC3A1F5523}"
EndProject
Project("{FAE04EC0-301F-11D3-BF4B-00C04F79EFBC}") = "test", "test\test.csproj", "{BB221E67-B1D7-4DBD-99A7-4263F2FFC91F}"
EndProject
Global
	GlobalSection(SolutionConfigurationPlatforms) = preSolution
		Debug|Any CPU = Debug|Any CPU
		Debug|x64 = Debug|x64
		Debug|x86 = Debug|x86
		Release|Any CPU = Release|Any CPU
		Release|x64 = Release|x64
		Release|x86 = Release|x86
	EndGlobalSection
	GlobalSection(SolutionProperties) = preSolution
		HideSolutionNode = FALSE
	EndGlobalSection
	GlobalSection(ProjectConfigurationPlatforms) = postSolution
		{8539B198-4BAA-419A-B87A-46BC3A1F5523}.Debug|Any CPU.ActiveCfg = Debug|Any CPU
		{8539B198-4BAA-419A-B87A-46BC3A1F5523}.Debug|Any CPU.Build.0 = Debug|Any CPU
		{8539B198-4BAA-419A-B87A-46BC3A1F5523}.Debug|x64.ActiveCfg = Debug|Any CPU
		{8539B198-4BAA-419A-B87A-46BC3A1F5523}.Debug|x64.Build.0 = Debug|Any CPU
		{8539B198-4BAA-419A-B87A-46BC3A1F5523}.Debug|x86.ActiveCfg = Debug|Any CPU
		{8539B198-4BAA-419A-B87A-46BC3A1F5523}.Debug|x86.Build.0 = Debug|Any CPU
		{8539B198-4BAA-419A-B87A-46BC3A1F5523}.Release|Any CPU.ActiveCfg = Release|Any CPU
		{8539B198-4BAA-419A-B87A-46BC3A1F5523}.Release|Any CPU.Build.0 = Release|Any CPU
		{8539B198-4BAA-419A-B87A-46BC3A1F5523}.Release|x64.ActiveCfg = Release|Any CPU
		{8539B198-4BAA-419A-B87A-46BC3A1F5523}.Release|x64.Build.0 = Release|Any CPU
		{8539B198-4BAA-419A-B87A-46BC3A1F5523}.Release|x86.ActiveCfg = Release|Any CPU
		{8539B198-4BAA-419A-B87A-46BC3A1F5523}.Release|x86.Build.0 = Release|Any CPU
		{BB221E67-B1D7-4DBD-99A7-4263F2FFC91F}.Debug|Any CPU.ActiveCfg = Debug|Any CPU
		{BB221E67-B1D7-4DBD-99A7-4263F2FFC91F}.Debug|Any CPU.Build.0 = Debug|Any CPU
		{BB221E67-B1D7-4DBD-99A7-4263F2FFC91F}.Debug|x64.ActiveCfg = Debug|Any CPU
		{BB221E67-B1D7-4DBD-99A7-4263F2FFC91F}.Debug|x64.Build.0 = Debug|Any CPU
		{BB221E67-B1D7-4DBD-99A7-4263F2FFC91F}.Debug|x86.ActiveCfg = Debug|Any CPU
		{BB221E67-B1D7-4DBD-99A7-4263F2FFC91F}.Debug|x86.Build.0 = Debug|Any CPU
		{BB221E67-B1D7-4DBD-99A7-4263F2FFC91F}.Release|Any CPU.ActiveCfg = Release|Any CPU
		{BB221E67-B1D7-4DBD-99A7-4263F2FFC91F}.Release|Any CPU.Build.0 = Release|Any CPU
		{BB221E67-B1D7-4DBD-99A7-4263F2FFC91F}.Release|x64.ActiveCfg = Release|Any CPU
		{BB221E67-B1D7-4DBD-99A7-4263F2FFC91F}.Release|x64.Build.0 = Release|Any CPU
		{BB221E67-B1D7-4DBD-99A7-4263F2FFC91F}.Release|x86.ActiveCfg = Release|Any CPU
		{BB221E67-B1D7-4DBD-99A7-4263F2FFC91F}.Release|x86.Build.0 = Release|Any CPU
	EndGlobalSection
EndGlobal
